{
  "name": "smartabp-template-library",
  "version": "1.0.0",
  "lockfileVersion": 3,
  "requires": true,
  "packages": {
    "": {
      "name": "smartabp-template-library",
      "version": "1.0.0",
      "license": "MIT",
      "dependencies": {
        "@modelcontextprotocol/sdk": "^0.6.0",
        "js-yaml": "^4.1.0"
      },
      "devDependencies": {
        "chalk": "^4.1.2",
        "cross-env": "^7.0.3",
        "semver": "^7.6.3",
        "typescript": "^5.0.0",
        "vue-tsc": "^3.0.7"
      }
    },
    "node_modules/@babel/helper-string-parser": {
      "version": "7.27.1",
      "resolved": "https://registry.npmmirror.com/@babel/helper-string-parser/-/helper-string-parser-7.27.1.tgz",
      "integrity": "sha512-qMlSxKbpRlAridDExk92nSobyDdpPijUq2DW6oDnUqd0iOGxmQjyqhMIihI9+zv4LPyZdRje2cavWPbCbWm3eA==",
      "dev": true,
      "license": "MIT",
      "engines": {
        "node": ">=6.9.0"
      }
    },
    "node_modules/@babel/helper-validator-identifier": {
      "version": "7.27.1",
      "resolved": "https://registry.npmmirror.com/@babel/helper-validator-identifier/-/helper-validator-identifier-7.27.1.tgz",
      "integrity": "sha512-D2hP9eA+Sqx1kBZgzxZh0y1trbuU+JoDkiEwqhQ36nodYqJwyEIhPSdMNd7lOm/4io72luTPWH20Yda0xOuUow==",
      "dev": true,
      "license": "MIT",
      "engines": {
        "node": ">=6.9.0"
      }
    },
    "node_modules/@babel/parser": {
      "version": "7.28.4",
      "resolved": "https://registry.npmmirror.com/@babel/parser/-/parser-7.28.4.tgz",
      "integrity": "sha512-yZbBqeM6TkpP9du/I2pUZnJsRMGGvOuIrhjzC1AwHwW+6he4mni6Bp/m8ijn0iOuZuPI2BfkCoSRunpyjnrQKg==",
      "dev": true,
      "license": "MIT",
      "dependencies": {
        "@babel/types": "^7.28.4"
      },
      "bin": {
        "parser": "bin/babel-parser.js"
      },
      "engines": {
        "node": ">=6.0.0"
      }
    },
    "node_modules/@babel/types": {
      "version": "7.28.4",
      "resolved": "https://registry.npmmirror.com/@babel/types/-/types-7.28.4.tgz",
      "integrity": "sha512-bkFqkLhh3pMBUQQkpVgWDWq/lqzc2678eUyDlTBhRqhCHFguYYGM0Efga7tYk4TogG/3x0EEl66/OQ+WGbWB/Q==",
      "dev": true,
      "license": "MIT",
      "dependencies": {
        "@babel/helper-string-parser": "^7.27.1",
        "@babel/helper-validator-identifier": "^7.27.1"
      },
      "engines": {
        "node": ">=6.9.0"
      }
    },
    "node_modules/@modelcontextprotocol/sdk": {
      "version": "0.6.1",
      "resolved": "https://registry.npmmirror.com/@modelcontextprotocol/sdk/-/sdk-0.6.1.tgz",
      "integrity": "sha512-OkVXMix3EIbB5Z6yife2XTrSlOnVvCLR1Kg91I4pYFEsV9RbnoyQVScXCuVhGaZHOnTZgso8lMQN1Po2TadGKQ==",
      "license": "MIT",
      "dependencies": {
        "content-type": "^1.0.5",
        "raw-body": "^3.0.0",
        "zod": "^3.23.8"
      }
    },
    "node_modules/@volar/language-core": {
      "version": "2.4.23",
      "resolved": "https://registry.npmmirror.com/@volar/language-core/-/language-core-2.4.23.tgz",
      "integrity": "sha512-hEEd5ET/oSmBC6pi1j6NaNYRWoAiDhINbT8rmwtINugR39loROSlufGdYMF9TaKGfz+ViGs1Idi3mAhnuPcoGQ==",
      "dev": true,
      "license": "MIT",
      "dependencies": {
        "@volar/source-map": "2.4.23"
      }
    },
    "node_modules/@volar/source-map": {
      "version": "2.4.23",
      "resolved": "https://registry.npmmirror.com/@volar/source-map/-/source-map-2.4.23.tgz",
      "integrity": "sha512-Z1Uc8IB57Lm6k7q6KIDu/p+JWtf3xsXJqAX/5r18hYOTpJyBn0KXUR8oTJ4WFYOcDzWC9n3IflGgHowx6U6z9Q==",
      "dev": true,
      "license": "MIT"
    },
    "node_modules/@volar/typescript": {
      "version": "2.4.23",
      "resolved": "https://registry.npmmirror.com/@volar/typescript/-/typescript-2.4.23.tgz",
      "integrity": "sha512-lAB5zJghWxVPqfcStmAP1ZqQacMpe90UrP5RJ3arDyrhy4aCUQqmxPPLB2PWDKugvylmO41ljK7vZ+t6INMTag==",
      "dev": true,
      "license": "MIT",
      "dependencies": {
        "@volar/language-core": "2.4.23",
        "path-browserify": "^1.0.1",
        "vscode-uri": "^3.0.8"
      }
    },
    "node_modules/@vue/compiler-core": {
      "version": "3.5.21",
      "resolved": "https://registry.npmmirror.com/@vue/compiler-core/-/compiler-core-3.5.21.tgz",
      "integrity": "sha512-8i+LZ0vf6ZgII5Z9XmUvrCyEzocvWT+TeR2VBUVlzIH6Tyv57E20mPZ1bCS+tbejgUgmjrEh7q/0F0bibskAmw==",
      "dev": true,
      "license": "MIT",
      "dependencies": {
        "@babel/parser": "^7.28.3",
        "@vue/shared": "3.5.21",
        "entities": "^4.5.0",
        "estree-walker": "^2.0.2",
        "source-map-js": "^1.2.1"
      }
    },
    "node_modules/@vue/compiler-dom": {
      "version": "3.5.21",
      "resolved": "https://registry.npmmirror.com/@vue/compiler-dom/-/compiler-dom-3.5.21.tgz",
      "integrity": "sha512-jNtbu/u97wiyEBJlJ9kmdw7tAr5Vy0Aj5CgQmo+6pxWNQhXZDPsRr1UWPN4v3Zf82s2H3kF51IbzZ4jMWAgPlQ==",
      "dev": true,
      "license": "MIT",
      "dependencies": {
        "@vue/compiler-core": "3.5.21",
        "@vue/shared": "3.5.21"
      }
    },
    "node_modules/@vue/compiler-vue2": {
      "version": "2.7.16",
      "resolved": "https://registry.npmmirror.com/@vue/compiler-vue2/-/compiler-vue2-2.7.16.tgz",
      "integrity": "sha512-qYC3Psj9S/mfu9uVi5WvNZIzq+xnXMhOwbTFKKDD7b1lhpnn71jXSFdTQ+WsIEk0ONCd7VV2IMm7ONl6tbQ86A==",
      "dev": true,
      "license": "MIT",
      "dependencies": {
        "de-indent": "^1.0.2",
        "he": "^1.2.0"
      }
    },
    "node_modules/@vue/language-core": {
      "version": "3.0.7",
      "resolved": "https://registry.npmmirror.com/@vue/language-core/-/language-core-3.0.7.tgz",
      "integrity": "sha512-0sqqyqJ0Gn33JH3TdIsZLCZZ8Gr4kwlg8iYOnOrDDkJKSjFurlQY/bEFQx5zs7SX2C/bjMkmPYq/NiyY1fTOkw==",
      "dev": true,
      "license": "MIT",
      "dependencies": {
        "@volar/language-core": "2.4.23",
        "@vue/compiler-dom": "^3.5.0",
        "@vue/compiler-vue2": "^2.7.16",
        "@vue/shared": "^3.5.0",
        "alien-signals": "^2.0.5",
        "muggle-string": "^0.4.1",
        "path-browserify": "^1.0.1",
        "picomatch": "^4.0.2"
      },
      "peerDependencies": {
        "typescript": "*"
      },
      "peerDependenciesMeta": {
        "typescript": {
          "optional": true
        }
      }
    },
    "node_modules/@vue/shared": {
      "version": "3.5.21",
      "resolved": "https://registry.npmmirror.com/@vue/shared/-/shared-3.5.21.tgz",
      "integrity": "sha512-+2k1EQpnYuVuu3N7atWyG3/xoFWIVJZq4Mz8XNOdScFI0etES75fbny/oU4lKWk/577P1zmg0ioYvpGEDZ3DLw==",
      "dev": true,
      "license": "MIT"
    },
    "node_modules/alien-signals": {
      "version": "2.0.7",
      "resolved": "https://registry.npmmirror.com/alien-signals/-/alien-signals-2.0.7.tgz",
      "integrity": "sha512-wE7y3jmYeb0+h6mr5BOovuqhFv22O/MV9j5p0ndJsa7z1zJNPGQ4ph5pQk/kTTCWRC3xsA4SmtwmkzQO+7NCNg==",
      "dev": true,
      "license": "MIT"
    },
    "node_modules/ansi-styles": {
      "version": "4.3.0",
      "resolved": "https://registry.npmmirror.com/ansi-styles/-/ansi-styles-4.3.0.tgz",
      "integrity": "sha512-zbB9rCJAT1rbjiVDb2hqKFHNYLxgtk8NURxZ3IZwD3F6NtxbXZQCnnSi1Lkx+IDohdPlFp222wVALIheZJQSEg==",
      "dev": true,
      "license": "MIT",
      "dependencies": {
        "color-convert": "^2.0.1"
      },
      "engines": {
        "node": ">=8"
      },
      "funding": {
        "url": "https://github.com/chalk/ansi-styles?sponsor=1"
      }
    },
    "node_modules/argparse": {
      "version": "2.0.1",
      "resolved": "https://registry.npmmirror.com/argparse/-/argparse-2.0.1.tgz",
      "integrity": "sha512-8+9WqebbFzpX9OR+Wa6O29asIogeRMzcGtAINdpMHHyAg10f05aSFVBbcEqGf/PXw1EjAZ+q2/bEBg3DvurK3Q==",
      "license": "Python-2.0"
    },
    "node_modules/bytes": {
      "version": "3.1.2",
      "resolved": "https://registry.npmmirror.com/bytes/-/bytes-3.1.2.tgz",
      "integrity": "sha512-/Nf7TyzTx6S3yRJObOAV7956r8cr2+Oj8AC5dt8wSP3BQAoeX58NoHyCU8P8zGkNXStjTSi6fzO6F0pBdcYbEg==",
      "license": "MIT",
      "engines": {
        "node": ">= 0.8"
      }
    },
    "node_modules/chalk": {
      "version": "4.1.2",
      "resolved": "https://registry.npmmirror.com/chalk/-/chalk-4.1.2.tgz",
      "integrity": "sha512-oKnbhFyRIXpUuez8iBMmyEa4nbj4IOQyuhc/wy9kY7/WVPcwIO9VA668Pu8RkO7+0G76SLROeyw9CpQ061i4mA==",
      "dev": true,
      "license": "MIT",
      "dependencies": {
        "ansi-styles": "^4.1.0",
        "supports-color": "^7.1.0"
      },
      "engines": {
        "node": ">=10"
      },
      "funding": {
        "url": "https://github.com/chalk/chalk?sponsor=1"
      }
    },
    "node_modules/color-convert": {
      "version": "2.0.1",
      "resolved": "https://registry.npmmirror.com/color-convert/-/color-convert-2.0.1.tgz",
      "integrity": "sha512-RRECPsj7iu/xb5oKYcsFHSppFNnsj/52OVTRKb4zP5onXwVF3zVmmToNcOfGC+CRDpfK/U584fMg38ZHCaElKQ==",
      "dev": true,
      "license": "MIT",
      "dependencies": {
        "color-name": "~1.1.4"
      },
      "engines": {
        "node": ">=7.0.0"
      }
    },
    "node_modules/color-name": {
      "version": "1.1.4",
      "resolved": "https://registry.npmmirror.com/color-name/-/color-name-1.1.4.tgz",
      "integrity": "sha512-dOy+3AuW3a2wNbZHIuMZpTcgjGuLU/uBL/ubcZF9OXbDo8ff4O8yVp5Bf0efS8uEoYo5q4Fx7dY9OgQGXgAsQA==",
      "dev": true,
      "license": "MIT"
    },
    "node_modules/content-type": {
      "version": "1.0.5",
      "resolved": "https://registry.npmmirror.com/content-type/-/content-type-1.0.5.tgz",
      "integrity": "sha512-nTjqfcBFEipKdXCv4YDQWCfmcLZKm81ldF0pAopTvyrFGVbcR6P/VAAd5G7N+0tTr8QqiU0tFadD6FK4NtJwOA==",
      "license": "MIT",
      "engines": {
        "node": ">= 0.6"
      }
    },
    "node_modules/cross-env": {
      "version": "7.0.3",
      "resolved": "https://registry.npmmirror.com/cross-env/-/cross-env-7.0.3.tgz",
      "integrity": "sha512-+/HKd6EgcQCJGh2PSjZuUitQBQynKor4wrFbRg4DtAgS1aWO+gU52xpH7M9ScGgXSYmAVS9bIJ8EzuaGw0oNAw==",
      "dev": true,
      "license": "MIT",
      "dependencies": {
        "cross-spawn": "^7.0.1"
      },
      "bin": {
        "cross-env": "src/bin/cross-env.js",
        "cross-env-shell": "src/bin/cross-env-shell.js"
      },
      "engines": {
        "node": ">=10.14",
        "npm": ">=6",
        "yarn": ">=1"
      }
    },
    "node_modules/cross-spawn": {
      "version": "7.0.6",
      "resolved": "https://registry.npmmirror.com/cross-spawn/-/cross-spawn-7.0.6.tgz",
      "integrity": "sha512-uV2QOWP2nWzsy2aMp8aRibhi9dlzF5Hgh5SHaB9OiTGEyDTiJJyx0uy51QXdyWbtAHNua4XJzUKca3OzKUd3vA==",
      "dev": true,
      "license": "MIT",
      "dependencies": {
        "path-key": "^3.1.0",
        "shebang-command": "^2.0.0",
        "which": "^2.0.1"
      },
      "engines": {
        "node": ">= 8"
      }
    },
    "node_modules/de-indent": {
      "version": "1.0.2",
      "resolved": "https://registry.npmmirror.com/de-indent/-/de-indent-1.0.2.tgz",
      "integrity": "sha512-e/1zu3xH5MQryN2zdVaF0OrdNLUbvWxzMbi+iNA6Bky7l1RoP8a2fIbRocyHclXt/arDrrR6lL3TqFD9pMQTsg==",
      "dev": true,
      "license": "MIT"
    },
    "node_modules/depd": {
      "version": "2.0.0",
      "resolved": "https://registry.npmmirror.com/depd/-/depd-2.0.0.tgz",
      "integrity": "sha512-g7nH6P6dyDioJogAAGprGpCtVImJhpPk/roCzdb3fIh61/s/nPsfR6onyMwkCAR/OlC3yBC0lESvUoQEAssIrw==",
      "license": "MIT",
      "engines": {
        "node": ">= 0.8"
      }
    },
    "node_modules/entities": {
      "version": "4.5.0",
      "resolved": "https://registry.npmmirror.com/entities/-/entities-4.5.0.tgz",
      "integrity": "sha512-V0hjH4dGPh9Ao5p0MoRY6BVqtwCjhz6vI5LT8AJ55H+4g9/4vbHx1I54fS0XuclLhDHArPQCiMjDxjaL8fPxhw==",
      "dev": true,
      "license": "BSD-2-Clause",
      "engines": {
        "node": ">=0.12"
      },
      "funding": {
        "url": "https://github.com/fb55/entities?sponsor=1"
      }
    },
    "node_modules/estree-walker": {
      "version": "2.0.2",
      "resolved": "https://registry.npmmirror.com/estree-walker/-/estree-walker-2.0.2.tgz",
      "integrity": "sha512-Rfkk/Mp/DL7JVje3u18FxFujQlTNR2q6QfMSMB7AvCBx91NGj/ba3kCfza0f6dVDbw7YlRf/nDrn7pQrCCyQ/w==",
      "dev": true,
      "license": "MIT"
    },
    "node_modules/has-flag": {
      "version": "4.0.0",
      "resolved": "https://registry.npmmirror.com/has-flag/-/has-flag-4.0.0.tgz",
      "integrity": "sha512-EykJT/Q1KjTWctppgIAgfSO0tKVuZUjhgMr17kqTumMl6Afv3EISleU7qZUzoXDFTAHTDC4NOoG/ZxU3EvlMPQ==",
      "dev": true,
      "license": "MIT",
      "engines": {
        "node": ">=8"
      }
    },
    "node_modules/he": {
      "version": "1.2.0",
      "resolved": "https://registry.npmmirror.com/he/-/he-1.2.0.tgz",
      "integrity": "sha512-F/1DnUGPopORZi0ni+CvrCgHQ5FyEAHRLSApuYWMmrbSwoN2Mn/7k+Gl38gJnR7yyDZk6WLXwiGod1JOWNDKGw==",
      "dev": true,
      "license": "MIT",
      "bin": {
        "he": "bin/he"
      }
    },
    "node_modules/http-errors": {
      "version": "2.0.0",
      "resolved": "https://registry.npmmirror.com/http-errors/-/http-errors-2.0.0.tgz",
      "integrity": "sha512-FtwrG/euBzaEjYeRqOgly7G0qviiXoJWnvEH2Z1plBdXgbyjv34pHTSb9zoeHMyDy33+DWy5Wt9Wo+TURtOYSQ==",
      "license": "MIT",
      "dependencies": {
        "depd": "2.0.0",
        "inherits": "2.0.4",
        "setprototypeof": "1.2.0",
        "statuses": "2.0.1",
        "toidentifier": "1.0.1"
      },
      "engines": {
        "node": ">= 0.8"
      }
    },
    "node_modules/iconv-lite": {
      "version": "0.7.0",
      "resolved": "https://registry.npmmirror.com/iconv-lite/-/iconv-lite-0.7.0.tgz",
      "integrity": "sha512-cf6L2Ds3h57VVmkZe+Pn+5APsT7FpqJtEhhieDCvrE2MK5Qk9MyffgQyuxQTm6BChfeZNtcOLHp9IcWRVcIcBQ==",
      "license": "MIT",
      "dependencies": {
        "safer-buffer": ">= 2.1.2 < 3.0.0"
      },
      "engines": {
        "node": ">=0.10.0"
      },
      "funding": {
        "type": "opencollective",
        "url": "https://opencollective.com/express"
      }
    },
    "node_modules/inherits": {
      "version": "2.0.4",
      "resolved": "https://registry.npmmirror.com/inherits/-/inherits-2.0.4.tgz",
      "integrity": "sha512-k/vGaX4/Yla3WzyMCvTQOXYeIHvqOKtnqBduzTHpzpQZzAskKMhZ2K+EnBiSM9zGSoIFeMpXKxa4dYeZIQqewQ==",
      "license": "ISC"
    },
    "node_modules/isexe": {
      "version": "2.0.0",
      "resolved": "https://registry.npmmirror.com/isexe/-/isexe-2.0.0.tgz",
      "integrity": "sha512-RHxMLp9lnKHGHRng9QFhRCMbYAcVpn69smSGcq3f36xjgVVWThj4qqLbTLlq7Ssj8B+fIQ1EuCEGI2lKsyQeIw==",
      "dev": true,
      "license": "ISC"
    },
    "node_modules/js-yaml": {
      "version": "4.1.0",
      "resolved": "https://registry.npmmirror.com/js-yaml/-/js-yaml-4.1.0.tgz",
      "integrity": "sha512-wpxZs9NoxZaJESJGIZTyDEaYpl0FKSA+FB9aJiyemKhMwkxQg63h4T1KJgUGHpTqPDNRcmmYLugrRjJlBtWvRA==",
      "license": "MIT",
      "dependencies": {
        "argparse": "^2.0.1"
      },
      "bin": {
        "js-yaml": "bin/js-yaml.js"
      }
    },
    "node_modules/muggle-string": {
      "version": "0.4.1",
      "resolved": "https://registry.npmmirror.com/muggle-string/-/muggle-string-0.4.1.tgz",
      "integrity": "sha512-VNTrAak/KhO2i8dqqnqnAHOa3cYBwXEZe9h+D5h/1ZqFSTEFHdM65lR7RoIqq3tBBYavsOXV84NoHXZ0AkPyqQ==",
      "dev": true,
      "license": "MIT"
    },
    "node_modules/path-browserify": {
      "version": "1.0.1",
      "resolved": "https://registry.npmmirror.com/path-browserify/-/path-browserify-1.0.1.tgz",
      "integrity": "sha512-b7uo2UCUOYZcnF/3ID0lulOJi/bafxa1xPe7ZPsammBSpjSWQkjNxlt635YGS2MiR9GjvuXCtz2emr3jbsz98g==",
      "dev": true,
      "license": "MIT"
    },
    "node_modules/path-key": {
      "version": "3.1.1",
      "resolved": "https://registry.npmmirror.com/path-key/-/path-key-3.1.1.tgz",
      "integrity": "sha512-ojmeN0qd+y0jszEtoY48r0Peq5dwMEkIlCOu6Q5f41lfkswXuKtYrhgoTpLnyIcHm24Uhqx+5Tqm2InSwLhE6Q==",
      "dev": true,
      "license": "MIT",
      "engines": {
        "node": ">=8"
      }
    },
    "node_modules/picomatch": {
      "version": "4.0.3",
      "resolved": "https://registry.npmmirror.com/picomatch/-/picomatch-4.0.3.tgz",
      "integrity": "sha512-5gTmgEY/sqK6gFXLIsQNH19lWb4ebPDLA4SdLP7dsWkIXHWlG66oPuVvXSGFPppYZz8ZDZq0dYYrbHfBCVUb1Q==",
      "dev": true,
      "license": "MIT",
      "engines": {
        "node": ">=12"
      },
      "funding": {
        "url": "https://github.com/sponsors/jonschlinkert"
      }
    },
    "node_modules/raw-body": {
      "version": "3.0.1",
      "resolved": "https://registry.npmmirror.com/raw-body/-/raw-body-3.0.1.tgz",
      "integrity": "sha512-9G8cA+tuMS75+6G/TzW8OtLzmBDMo8p1JRxN5AZ+LAp8uxGA8V8GZm4GQ4/N5QNQEnLmg6SS7wyuSmbKepiKqA==",
      "license": "MIT",
      "dependencies": {
        "bytes": "3.1.2",
        "http-errors": "2.0.0",
        "iconv-lite": "0.7.0",
        "unpipe": "1.0.0"
      },
      "engines": {
        "node": ">= 0.10"
      }
    },
    "node_modules/safer-buffer": {
      "version": "2.1.2",
      "resolved": "https://registry.npmmirror.com/safer-buffer/-/safer-buffer-2.1.2.tgz",
      "integrity": "sha512-YZo3K82SD7Riyi0E1EQPojLz7kpepnSQI9IyPbHHg1XXXevb5dJI7tpyN2ADxGcQbHG7vcyRHk0cbwqcQriUtg==",
      "license": "MIT"
    },
    "node_modules/semver": {
      "version": "7.7.2",
      "resolved": "https://registry.npmmirror.com/semver/-/semver-7.7.2.tgz",
      "integrity": "sha512-RF0Fw+rO5AMf9MAyaRXI4AV0Ulj5lMHqVxxdSgiVbixSCXoEmmX/jk0CuJw4+3SqroYO9VoUh+HcuJivvtJemA==",
      "dev": true,
      "license": "ISC",
      "bin": {
        "semver": "bin/semver.js"
      },
      "engines": {
        "node": ">=10"
      }
    },
    "node_modules/setprototypeof": {
      "version": "1.2.0",
      "resolved": "https://registry.npmmirror.com/setprototypeof/-/setprototypeof-1.2.0.tgz",
      "integrity": "sha512-E5LDX7Wrp85Kil5bhZv46j8jOeboKq5JMmYM3gVGdGH8xFpPWXUMsNrlODCrkoxMEeNi/XZIwuRvY4XNwYMJpw==",
      "license": "ISC"
    },
    "node_modules/shebang-command": {
      "version": "2.0.0",
      "resolved": "https://registry.npmmirror.com/shebang-command/-/shebang-command-2.0.0.tgz",
      "integrity": "sha512-kHxr2zZpYtdmrN1qDjrrX/Z1rR1kG8Dx+gkpK1G4eXmvXswmcE1hTWBWYUzlraYw1/yZp6YuDY77YtvbN0dmDA==",
      "dev": true,
      "license": "MIT",
      "dependencies": {
        "shebang-regex": "^3.0.0"
      },
      "engines": {
        "node": ">=8"
      }
    },
    "node_modules/shebang-regex": {
      "version": "3.0.0",
      "resolved": "https://registry.npmmirror.com/shebang-regex/-/shebang-regex-3.0.0.tgz",
      "integrity": "sha512-7++dFhtcx3353uBaq8DDR4NuxBetBzC7ZQOhmTQInHEd6bSrXdiEyzCvG07Z44UYdLShWUyXt5M/yhz8ekcb1A==",
      "dev": true,
      "license": "MIT",
      "engines": {
        "node": ">=8"
      }
    },
    "node_modules/source-map-js": {
      "version": "1.2.1",
      "resolved": "https://registry.npmmirror.com/source-map-js/-/source-map-js-1.2.1.tgz",
      "integrity": "sha512-UXWMKhLOwVKb728IUtQPXxfYU+usdybtUrK/8uGE8CQMvrhOpwvzDBwj0QhSL7MQc7vIsISBG8VQ8+IDQxpfQA==",
      "dev": true,
      "license": "BSD-3-Clause",
      "engines": {
        "node": ">=0.10.0"
      }
    },
    "node_modules/statuses": {
      "version": "2.0.1",
      "resolved": "https://registry.npmmirror.com/statuses/-/statuses-2.0.1.tgz",
      "integrity": "sha512-RwNA9Z/7PrK06rYLIzFMlaF+l73iwpzsqRIFgbMLbTcLD6cOao82TaWefPXQvB2fOC4AjuYSEndS7N/mTCbkdQ==",
      "license": "MIT",
      "engines": {
        "node": ">= 0.8"
      }
    },
    "node_modules/supports-color": {
      "version": "7.2.0",
      "resolved": "https://registry.npmmirror.com/supports-color/-/supports-color-7.2.0.tgz",
      "integrity": "sha512-qpCAvRl9stuOHveKsn7HncJRvv501qIacKzQlO/+Lwxc9+0q2wLyv4Dfvt80/DPn2pqOBsJdDiogXGR9+OvwRw==",
      "dev": true,
      "license": "MIT",
      "dependencies": {
        "has-flag": "^4.0.0"
      },
      "engines": {
        "node": ">=8"
      }
    },
    "node_modules/toidentifier": {
      "version": "1.0.1",
      "resolved": "https://registry.npmmirror.com/toidentifier/-/toidentifier-1.0.1.tgz",
      "integrity": "sha512-o5sSPKEkg/DIQNmH43V0/uerLrpzVedkUh8tGNvaeXpfpuwjKenlSox/2O/BTlZUtEe+JG7s5YhEz608PlAHRA==",
      "license": "MIT",
      "engines": {
        "node": ">=0.6"
      }
    },
    "node_modules/typescript": {
      "version": "5.9.2",
      "resolved": "https://registry.npmmirror.com/typescript/-/typescript-5.9.2.tgz",
      "integrity": "sha512-CWBzXQrc/qOkhidw1OzBTQuYRbfyxDXJMVJ1XNwUHGROVmuaeiEm3OslpZ1RV96d7SKKjZKrSJu3+t/xlw3R9A==",
      "dev": true,
      "license": "Apache-2.0",
      "bin": {
        "tsc": "bin/tsc",
        "tsserver": "bin/tsserver"
      },
      "engines": {
        "node": ">=14.17"
      }
    },
    "node_modules/unpipe": {
      "version": "1.0.0",
      "resolved": "https://registry.npmmirror.com/unpipe/-/unpipe-1.0.0.tgz",
      "integrity": "sha512-pjy2bYhSsufwWlKwPc+l3cN7+wuJlK6uz0YdJEOlQDbl6jo/YlPi4mb8agUkVC8BF7V8NuzeyPNqRksA3hztKQ==",
      "license": "MIT",
      "engines": {
        "node": ">= 0.8"
      }
    },
    "node_modules/vscode-uri": {
      "version": "3.1.0",
      "resolved": "https://registry.npmmirror.com/vscode-uri/-/vscode-uri-3.1.0.tgz",
      "integrity": "sha512-/BpdSx+yCQGnCvecbyXdxHDkuk55/G3xwnC0GqY4gmQ3j+A+g8kzzgB4Nk/SINjqn6+waqw3EgbVF2QKExkRxQ==",
      "dev": true,
      "license": "MIT"
    },
    "node_modules/vue-tsc": {
      "version": "3.0.7",
      "resolved": "https://registry.npmmirror.com/vue-tsc/-/vue-tsc-3.0.7.tgz",
      "integrity": "sha512-BSMmW8GGEgHykrv7mRk6zfTdK+tw4MBZY/x6fFa7IkdXK3s/8hQRacPjG9/8YKFDIWGhBocwi6PlkQQ/93OgIQ==",
      "dev": true,
      "license": "MIT",
      "dependencies": {
        "@volar/typescript": "2.4.23",
        "@vue/language-core": "3.0.7"
      },
      "bin": {
        "vue-tsc": "bin/vue-tsc.js"
      },
      "peerDependencies": {
        "typescript": ">=5.0.0"
      }
    },
    "node_modules/which": {
      "version": "2.0.2",
      "resolved": "https://registry.npmmirror.com/which/-/which-2.0.2.tgz",
      "integrity": "sha512-BLI3Tl1TW3Pvl70l3yq3Y64i+awpwXqsGBYWkkqMtnbXgrMD+yj7rhW0kuEDxzJaYXGjEW5ogapKNMEKNMjibA==",
      "dev": true,
      "license": "ISC",
      "dependencies": {
        "isexe": "^2.0.0"
      },
      "bin": {
        "node-which": "bin/node-which"
      },
      "engines": {
        "node": ">= 8"
      }
    },
    "node_modules/zod": {
      "version": "3.25.76",
      "resolved": "https://registry.npmmirror.com/zod/-/zod-3.25.76.tgz",
      "integrity": "sha512-gzUt/qt81nXsFGKIFcC3YnfEAx5NkunCfnDlvuBSSFS02bcXu4Lmea0AFIUwbLWxWPx3d9p8S5QoaujKcNQxcQ==",
      "license": "MIT",
      "funding": {
        "url": "https://github.com/sponsors/colinhacks"
      }
    }
  }
}
